
Microsoft Visual Studio Solution File, Format Version 12.00
# Visual Studio Version 16
VisualStudioVersion = 16.0.29123.88
MinimumVisualStudioVersion = 10.0.40219.1
Project("{FAE04EC0-301F-11D3-BF4B-00C04F79EFBC}") = "BudgetSquad", "BudgetSquad\BudgetSquad.csproj", "{BE7CA207-C98F-48DD-AD19-B81E618F0184}"
EndProject
Global
	GlobalSection(SolutionConfigurationPlatforms) = preSolution
		Debug|Any CPU = Debug|Any CPU
		Release|Any CPU = Release|Any CPU
	EndGlobalSection
	GlobalSection(ProjectConfigurationPlatforms) = postSolution
		{BE7CA207-C98F-48DD-AD19-B81E618F0184}.Debug|Any CPU.ActiveCfg = Debug|Any CPU
		{BE7CA207-C98F-48DD-AD19-B81E618F0184}.Debug|Any CPU.Build.0 = Debug|Any CPU
		{BE7CA207-C98F-48DD-AD19-B81E618F0184}.Release|Any CPU.ActiveCfg = Release|Any CPU
		{BE7CA207-C98F-48DD-AD19-B81E618F0184}.Release|Any CPU.Build.0 = Release|Any CPU
	EndGlobalSection
	GlobalSection(SolutionProperties) = preSolution
		HideSolutionNode = FALSE
	EndGlobalSection
	GlobalSection(ExtensibilityGlobals) = postSolution
		SolutionGuid = {A0EEC29B-3FA2-42B0-9777-E1B0CFA0E0E4}
	EndGlobalSection
EndGlobal
